
Microsoft Visual Studio Solution File, Format Version 12.00
# Visual Studio Version 17
VisualStudioVersion = 17.7.34221.43
MinimumVisualStudioVersion = 10.0.40219.1
Project("{9A19103F-16F7-4668-BE54-9A1E7A4F7556}") = "Framework.Core", "Framework.Core\Framework.Core.csproj", "{931640B3-9C34-47DB-99EE-E42A9C640808}"
EndProject
Project("{9A19103F-16F7-4668-BE54-9A1E7A4F7556}") = "Framework.Object", "Framework.Object\Framework.Object.csproj", "{EFA0EAAF-22CD-40FF-B794-B4BABC0E6A49}"
EndProject
Project("{9A19103F-16F7-4668-BE54-9A1E7A4F7556}") = "Framework.Test", "Framework.Test\Framework.Test.csproj", "{4A696042-1439-4AD8-9EA9-D014D5B38F72}"
EndProject
Global
	GlobalSection(SolutionConfigurationPlatforms) = preSolution
		Debug|Any CPU = Debug|Any CPU
		Release|Any CPU = Release|Any CPU
	EndGlobalSection
	GlobalSection(ProjectConfigurationPlatforms) = postSolution
		{931640B3-9C34-47DB-99EE-E42A9C640808}.Debug|Any CPU.ActiveCfg = Debug|Any CPU
		{931640B3-9C34-47DB-99EE-E42A9C640808}.Debug|Any CPU.Build.0 = Debug|Any CPU
		{931640B3-9C34-47DB-99EE-E42A9C640808}.Release|Any CPU.ActiveCfg = Release|Any CPU
		{931640B3-9C34-47DB-99EE-E42A9C640808}.Release|Any CPU.Build.0 = Release|Any CPU
		{EFA0EAAF-22CD-40FF-B794-B4BABC0E6A49}.Debug|Any CPU.ActiveCfg = Debug|Any CPU
		{EFA0EAAF-22CD-40FF-B794-B4BABC0E6A49}.Debug|Any CPU.Build.0 = Debug|Any CPU
		{EFA0EAAF-22CD-40FF-B794-B4BABC0E6A49}.Release|Any CPU.ActiveCfg = Release|Any CPU
		{EFA0EAAF-22CD-40FF-B794-B4BABC0E6A49}.Release|Any CPU.Build.0 = Release|Any CPU
		{4A696042-1439-4AD8-9EA9-D014D5B38F72}.Debug|Any CPU.ActiveCfg = Debug|Any CPU
		{4A696042-1439-4AD8-9EA9-D014D5B38F72}.Debug|Any CPU.Build.0 = Debug|Any CPU
		{4A696042-1439-4AD8-9EA9-D014D5B38F72}.Release|Any CPU.ActiveCfg = Release|Any CPU
		{4A696042-1439-4AD8-9EA9-D014D5B38F72}.Release|Any CPU.Build.0 = Release|Any CPU
	EndGlobalSection
	GlobalSection(SolutionProperties) = preSolution
		HideSolutionNode = FALSE
	EndGlobalSection
	GlobalSection(ExtensibilityGlobals) = postSolution
		SolutionGuid = {281BF26D-BAA7-4B78-BD25-316F6BDD49E3}
	EndGlobalSection
EndGlobal
